// !$*UTF8*$!
{
	archiveVersion = 1;
	classes = {
	};
	objectVersion = 46;
	objects = {

/* Begin PBXBuildFile section */
		0A17ACDB1C9A608B00B7C268 /* SPSingleColorViewController.swift in Sources */ = {isa = PBXBuildFile; fileRef = 0A17ACDA1C9A608B00B7C268 /* SPSingleColorViewController.swift */; };
		0A17ACDD1C9A60A400B7C268 /* SPSingleImageViewController.swift in Sources */ = {isa = PBXBuildFile; fileRef = 0A17ACDC1C9A60A400B7C268 /* SPSingleImageViewController.swift */; };
		0A17ACE01C9A639700B7C268 /* InfoViewController.swift in Sources */ = {isa = PBXBuildFile; fileRef = 0A17ACDF1C9A639700B7C268 /* InfoViewController.swift */; };
		0A17ACE21C9A7BFD00B7C268 /* SPTextView.swift in Sources */ = {isa = PBXBuildFile; fileRef = 0A17ACE11C9A7BFD00B7C268 /* SPTextView.swift */; };
		0A17ACE71C9A85E000B7C268 /* Language+CoreDataProperties.swift in Sources */ = {isa = PBXBuildFile; fileRef = 0A17ACE31C9A85E000B7C268 /* Language+CoreDataProperties.swift */; };
		0A17ACE81C9A85E000B7C268 /* Language.swift in Sources */ = {isa = PBXBuildFile; fileRef = 0A17ACE41C9A85E000B7C268 /* Language.swift */; };
		0A17ACE91C9A85E000B7C268 /* Version+CoreDataProperties.swift in Sources */ = {isa = PBXBuildFile; fileRef = 0A17ACE51C9A85E000B7C268 /* Version+CoreDataProperties.swift */; };
		0A17ACEA1C9A85E000B7C268 /* Version.swift in Sources */ = {isa = PBXBuildFile; fileRef = 0A17ACE61C9A85E000B7C268 /* Version.swift */; };
		0A17ACED1C9A905800B7C268 /* ProductListViewController.swift in Sources */ = {isa = PBXBuildFile; fileRef = 0A17ACEC1C9A905800B7C268 /* ProductListViewController.swift */; };
		0A17ACEF1C9A93F800B7C268 /* SPImageView.swift in Sources */ = {isa = PBXBuildFile; fileRef = 0A17ACEE1C9A93F800B7C268 /* SPImageView.swift */; };
		0A17ACF11C9A985200B7C268 /* ProductCell.swift in Sources */ = {isa = PBXBuildFile; fileRef = 0A17ACF01C9A985200B7C268 /* ProductCell.swift */; };
		0A38EC3B1C9913CC0001117A /* SPBlackView.swift in Sources */ = {isa = PBXBuildFile; fileRef = 0A38EC3A1C9913CC0001117A /* SPBlackView.swift */; };
		0A38EC561C9941E50001117A /* SPDataManager.swift in Sources */ = {isa = PBXBuildFile; fileRef = 0A38EC551C9941E50001117A /* SPDataManager.swift */; };
		0A7DEB131C98F59B00D82329 /* Tools.storyboard in Resources */ = {isa = PBXBuildFile; fileRef = 0A7DEB151C98F59B00D82329 /* Tools.storyboard */; };
		0A7DEB161C98F5AA00D82329 /* LoginPages.storyboard in Resources */ = {isa = PBXBuildFile; fileRef = 0A7DEB181C98F5AA00D82329 /* LoginPages.storyboard */; };
		0A7DEB241C99074D00D82329 /* LeftMenuCell.swift in Sources */ = {isa = PBXBuildFile; fileRef = 0A7DEB231C99074D00D82329 /* LeftMenuCell.swift */; };
		0A7DEB261C990AC000D82329 /* SPWhiteTextLabel.swift in Sources */ = {isa = PBXBuildFile; fileRef = 0A7DEB251C990ABF00D82329 /* SPWhiteTextLabel.swift */; };
		0A8F68621C97C86C00F1EFF3 /* SPNavigationController.swift in Sources */ = {isa = PBXBuildFile; fileRef = 0A8F68611C97C86C00F1EFF3 /* SPNavigationController.swift */; };
		0A8F68651C97C89400F1EFF3 /* SPViewController.swift in Sources */ = {isa = PBXBuildFile; fileRef = 0A8F68641C97C89400F1EFF3 /* SPViewController.swift */; };
		0A8F68691C97E4B500F1EFF3 /* LoadingViewController.swift in Sources */ = {isa = PBXBuildFile; fileRef = 0A8F68681C97E4B500F1EFF3 /* LoadingViewController.swift */; };
		0A8F686D1C97E97D00F1EFF3 /* SPTools.swift in Sources */ = {isa = PBXBuildFile; fileRef = 0A8F686C1C97E97D00F1EFF3 /* SPTools.swift */; };
		0A8F68711C98065E00F1EFF3 /* LeftMenuViewController.swift in Sources */ = {isa = PBXBuildFile; fileRef = 0A8F68701C98065E00F1EFF3 /* LeftMenuViewController.swift */; };
		0A8F68741C980F8F00F1EFF3 /* LaunchViewController.swift in Sources */ = {isa = PBXBuildFile; fileRef = 0A8F68731C980F8F00F1EFF3 /* LaunchViewController.swift */; };
		0AD3DB4F1C99693F0055213B /* Cate+CoreDataProperties.swift in Sources */ = {isa = PBXBuildFile; fileRef = 0AD3DB431C99693F0055213B /* Cate+CoreDataProperties.swift */; };
		0AD3DB501C99693F0055213B /* Cate.swift in Sources */ = {isa = PBXBuildFile; fileRef = 0AD3DB441C99693F0055213B /* Cate.swift */; };
		0AD3DB511C99693F0055213B /* Profile+CoreDataProperties.swift in Sources */ = {isa = PBXBuildFile; fileRef = 0AD3DB451C99693F0055213B /* Profile+CoreDataProperties.swift */; };
		0AD3DB521C99693F0055213B /* Profile.swift in Sources */ = {isa = PBXBuildFile; fileRef = 0AD3DB461C99693F0055213B /* Profile.swift */; };
		0AD3DB531C99693F0055213B /* Product+CoreDataProperties.swift in Sources */ = {isa = PBXBuildFile; fileRef = 0AD3DB471C99693F0055213B /* Product+CoreDataProperties.swift */; };
		0AD3DB541C99693F0055213B /* Product.swift in Sources */ = {isa = PBXBuildFile; fileRef = 0AD3DB481C99693F0055213B /* Product.swift */; };
		0AD3DB551C99693F0055213B /* Store+CoreDataProperties.swift in Sources */ = {isa = PBXBuildFile; fileRef = 0AD3DB491C99693F0055213B /* Store+CoreDataProperties.swift */; };
		0AD3DB561C99693F0055213B /* Store.swift in Sources */ = {isa = PBXBuildFile; fileRef = 0AD3DB4A1C99693F0055213B /* Store.swift */; };
		2017C2931C9AFBB10047B51D /* PushListViewController.swift in Sources */ = {isa = PBXBuildFile; fileRef = 2017C2921C9AFBB10047B51D /* PushListViewController.swift */; };
		2017C2951C9AFF430047B51D /* PushCell.swift in Sources */ = {isa = PBXBuildFile; fileRef = 2017C2941C9AFF430047B51D /* PushCell.swift */; };
		203BEF161C9837150090F463 /* SPTextField.swift in Sources */ = {isa = PBXBuildFile; fileRef = 203BEF151C9837150090F463 /* SPTextField.swift */; };
		203BEF181C983A150090F463 /* LoginViewController.swift in Sources */ = {isa = PBXBuildFile; fileRef = 203BEF171C983A150090F463 /* LoginViewController.swift */; };
		203BEF1A1C9840440090F463 /* SPButton.swift in Sources */ = {isa = PBXBuildFile; fileRef = 203BEF191C9840440090F463 /* SPButton.swift */; };
		203BEF1C1C98489C0090F463 /* SPWhiteCornerView.swift in Sources */ = {isa = PBXBuildFile; fileRef = 203BEF1B1C98489C0090F463 /* SPWhiteCornerView.swift */; };
		203BEF1E1C9848DF0090F463 /* RegisterViewController.swift in Sources */ = {isa = PBXBuildFile; fileRef = 203BEF1D1C9848DF0090F463 /* RegisterViewController.swift */; };
		203BEF221C9864CF0090F463 /* ForgotPwdViewController.swift in Sources */ = {isa = PBXBuildFile; fileRef = 203BEF211C9864CF0090F463 /* ForgotPwdViewController.swift */; };
		20A566571C8F28E700B09B7E /* SPService.swift in Sources */ = {isa = PBXBuildFile; fileRef = 20A566561C8F28E700B09B7E /* SPService.swift */; };
		20AE329E1C9AD98A00078EE6 /* LeftMenuDetailCell.swift in Sources */ = {isa = PBXBuildFile; fileRef = 20AE329D1C9AD98A00078EE6 /* LeftMenuDetailCell.swift */; };
		20B988281C9718D100D46ACB /* json.json in Resources */ = {isa = PBXBuildFile; fileRef = 20B988271C9718D100D46ACB /* json.json */; };
		20C2602F1C8DC63E00938F54 /* AppDelegate.swift in Sources */ = {isa = PBXBuildFile; fileRef = 20C2602E1C8DC63E00938F54 /* AppDelegate.swift */; };
		20C260311C8DC63E00938F54 /* ViewController.swift in Sources */ = {isa = PBXBuildFile; fileRef = 20C260301C8DC63E00938F54 /* ViewController.swift */; };
		20C260341C8DC63E00938F54 /* Main.storyboard in Resources */ = {isa = PBXBuildFile; fileRef = 20C260321C8DC63E00938F54 /* Main.storyboard */; };
		20C260371C8DC63E00938F54 /* twshopping.xcdatamodeld in Sources */ = {isa = PBXBuildFile; fileRef = 20C260351C8DC63E00938F54 /* twshopping.xcdatamodeld */; };
		20C260391C8DC63E00938F54 /* Assets.xcassets in Resources */ = {isa = PBXBuildFile; fileRef = 20C260381C8DC63E00938F54 /* Assets.xcassets */; };
		20C2603C1C8DC63E00938F54 /* LaunchScreen.storyboard in Resources */ = {isa = PBXBuildFile; fileRef = 20C2603A1C8DC63E00938F54 /* LaunchScreen.storyboard */; };
		20C260471C8DC63E00938F54 /* twshoppingTests.swift in Sources */ = {isa = PBXBuildFile; fileRef = 20C260461C8DC63E00938F54 /* twshoppingTests.swift */; };
		20C260521C8DC63F00938F54 /* twshoppingUITests.swift in Sources */ = {isa = PBXBuildFile; fileRef = 20C260511C8DC63F00938F54 /* twshoppingUITests.swift */; };
		20C260641C8DC98000938F54 /* AVOSCloud.framework in Frameworks */ = {isa = PBXBuildFile; fileRef = 20C260631C8DC98000938F54 /* AVOSCloud.framework */; };
		20C260671C8DC99100938F54 /* AVOSCloudCrashReporting.framework in Frameworks */ = {isa = PBXBuildFile; fileRef = 20C260611C8DC97500938F54 /* AVOSCloudCrashReporting.framework */; };
		20C2606B1C8DCA1800938F54 /* SystemConfiguration.framework in Frameworks */ = {isa = PBXBuildFile; fileRef = 20C2606A1C8DCA1800938F54 /* SystemConfiguration.framework */; };
		20C2606D1C8DCA1E00938F54 /* MobileCoreServices.framework in Frameworks */ = {isa = PBXBuildFile; fileRef = 20C2606C1C8DCA1E00938F54 /* MobileCoreServices.framework */; };
		20C2606F1C8DCA2500938F54 /* CoreTelephony.framework in Frameworks */ = {isa = PBXBuildFile; fileRef = 20C2606E1C8DCA2500938F54 /* CoreTelephony.framework */; };
		20C260711C8DCA2B00938F54 /* CoreLocation.framework in Frameworks */ = {isa = PBXBuildFile; fileRef = 20C260701C8DCA2B00938F54 /* CoreLocation.framework */; };
		20C260731C8DCB2100938F54 /* libsqlite3.tbd in Frameworks */ = {isa = PBXBuildFile; fileRef = 20C260721C8DCB2100938F54 /* libsqlite3.tbd */; };
		B0D1217492232F80663CE217 /* Pods_twshopping.framework in Frameworks */ = {isa = PBXBuildFile; fileRef = 9E0F2B3D5933D479EF39383D /* Pods_twshopping.framework */; };
/* End PBXBuildFile section */

/* Begin PBXContainerItemProxy section */
		20C260431C8DC63E00938F54 /* PBXContainerItemProxy */ = {
			isa = PBXContainerItemProxy;
			containerPortal = 20C260231C8DC63E00938F54 /* Project object */;
			proxyType = 1;
			remoteGlobalIDString = 20C2602A1C8DC63E00938F54;
			remoteInfo = twshopping;
		};
		20C2604E1C8DC63F00938F54 /* PBXContainerItemProxy */ = {
			isa = PBXContainerItemProxy;
			containerPortal = 20C260231C8DC63E00938F54 /* Project object */;
			proxyType = 1;
			remoteGlobalIDString = 20C2602A1C8DC63E00938F54;
			remoteInfo = twshopping;
		};
/* End PBXContainerItemProxy section */

/* Begin PBXFileReference section */
		0A17ACDA1C9A608B00B7C268 /* SPSingleColorViewController.swift */ = {isa = PBXFileReference; fileEncoding = 4; lastKnownFileType = sourcecode.swift; path = SPSingleColorViewController.swift; sourceTree = "<group>"; };
		0A17ACDC1C9A60A400B7C268 /* SPSingleImageViewController.swift */ = {isa = PBXFileReference; fileEncoding = 4; lastKnownFileType = sourcecode.swift; path = SPSingleImageViewController.swift; sourceTree = "<group>"; };
		0A17ACDF1C9A639700B7C268 /* InfoViewController.swift */ = {isa = PBXFileReference; fileEncoding = 4; lastKnownFileType = sourcecode.swift; path = InfoViewController.swift; sourceTree = "<group>"; };
		0A17ACE11C9A7BFD00B7C268 /* SPTextView.swift */ = {isa = PBXFileReference; fileEncoding = 4; lastKnownFileType = sourcecode.swift; path = SPTextView.swift; sourceTree = "<group>"; };
		0A17ACE31C9A85E000B7C268 /* Language+CoreDataProperties.swift */ = {isa = PBXFileReference; fileEncoding = 4; lastKnownFileType = sourcecode.swift; path = "Language+CoreDataProperties.swift"; sourceTree = "<group>"; };
		0A17ACE41C9A85E000B7C268 /* Language.swift */ = {isa = PBXFileReference; fileEncoding = 4; lastKnownFileType = sourcecode.swift; path = Language.swift; sourceTree = "<group>"; };
		0A17ACE51C9A85E000B7C268 /* Version+CoreDataProperties.swift */ = {isa = PBXFileReference; fileEncoding = 4; lastKnownFileType = sourcecode.swift; path = "Version+CoreDataProperties.swift"; sourceTree = "<group>"; };
		0A17ACE61C9A85E000B7C268 /* Version.swift */ = {isa = PBXFileReference; fileEncoding = 4; lastKnownFileType = sourcecode.swift; path = Version.swift; sourceTree = "<group>"; };
		0A17ACEC1C9A905800B7C268 /* ProductListViewController.swift */ = {isa = PBXFileReference; fileEncoding = 4; lastKnownFileType = sourcecode.swift; path = ProductListViewController.swift; sourceTree = "<group>"; };
		0A17ACEE1C9A93F800B7C268 /* SPImageView.swift */ = {isa = PBXFileReference; fileEncoding = 4; lastKnownFileType = sourcecode.swift; path = SPImageView.swift; sourceTree = "<group>"; };
		0A17ACF01C9A985200B7C268 /* ProductCell.swift */ = {isa = PBXFileReference; fileEncoding = 4; lastKnownFileType = sourcecode.swift; path = ProductCell.swift; sourceTree = "<group>"; };
		0A38EC3A1C9913CC0001117A /* SPBlackView.swift */ = {isa = PBXFileReference; fileEncoding = 4; lastKnownFileType = sourcecode.swift; path = SPBlackView.swift; sourceTree = "<group>"; };
		0A38EC551C9941E50001117A /* SPDataManager.swift */ = {isa = PBXFileReference; fileEncoding = 4; lastKnownFileType = sourcecode.swift; path = SPDataManager.swift; sourceTree = "<group>"; };
		0A7DEB141C98F59B00D82329 /* Base */ = {isa = PBXFileReference; lastKnownFileType = file.storyboard; name = Base; path = Base.lproj/Tools.storyboard; sourceTree = "<group>"; };
		0A7DEB171C98F5AA00D82329 /* Base */ = {isa = PBXFileReference; lastKnownFileType = file.storyboard; name = Base; path = Base.lproj/LoginPages.storyboard; sourceTree = "<group>"; };
		0A7DEB231C99074D00D82329 /* LeftMenuCell.swift */ = {isa = PBXFileReference; fileEncoding = 4; lastKnownFileType = sourcecode.swift; path = LeftMenuCell.swift; sourceTree = "<group>"; };
		0A7DEB251C990ABF00D82329 /* SPWhiteTextLabel.swift */ = {isa = PBXFileReference; fileEncoding = 4; lastKnownFileType = sourcecode.swift; path = SPWhiteTextLabel.swift; sourceTree = "<group>"; };
		0A8F68611C97C86C00F1EFF3 /* SPNavigationController.swift */ = {isa = PBXFileReference; fileEncoding = 4; lastKnownFileType = sourcecode.swift; path = SPNavigationController.swift; sourceTree = "<group>"; };
		0A8F68641C97C89400F1EFF3 /* SPViewController.swift */ = {isa = PBXFileReference; fileEncoding = 4; lastKnownFileType = sourcecode.swift; path = SPViewController.swift; sourceTree = "<group>"; };
		0A8F68681C97E4B500F1EFF3 /* LoadingViewController.swift */ = {isa = PBXFileReference; fileEncoding = 4; lastKnownFileType = sourcecode.swift; path = LoadingViewController.swift; sourceTree = "<group>"; };
		0A8F686C1C97E97D00F1EFF3 /* SPTools.swift */ = {isa = PBXFileReference; fileEncoding = 4; lastKnownFileType = sourcecode.swift; path = SPTools.swift; sourceTree = "<group>"; };
		0A8F68701C98065E00F1EFF3 /* LeftMenuViewController.swift */ = {isa = PBXFileReference; fileEncoding = 4; lastKnownFileType = sourcecode.swift; path = LeftMenuViewController.swift; sourceTree = "<group>"; };
		0A8F68731C980F8F00F1EFF3 /* LaunchViewController.swift */ = {isa = PBXFileReference; fileEncoding = 4; lastKnownFileType = sourcecode.swift; path = LaunchViewController.swift; sourceTree = "<group>"; };
		0AD3DB431C99693F0055213B /* Cate+CoreDataProperties.swift */ = {isa = PBXFileReference; fileEncoding = 4; lastKnownFileType = sourcecode.swift; path = "Cate+CoreDataProperties.swift"; sourceTree = "<group>"; };
		0AD3DB441C99693F0055213B /* Cate.swift */ = {isa = PBXFileReference; fileEncoding = 4; lastKnownFileType = sourcecode.swift; path = Cate.swift; sourceTree = "<group>"; };
		0AD3DB451C99693F0055213B /* Profile+CoreDataProperties.swift */ = {isa = PBXFileReference; fileEncoding = 4; lastKnownFileType = sourcecode.swift; path = "Profile+CoreDataProperties.swift"; sourceTree = "<group>"; };
		0AD3DB461C99693F0055213B /* Profile.swift */ = {isa = PBXFileReference; fileEncoding = 4; lastKnownFileType = sourcecode.swift; path = Profile.swift; sourceTree = "<group>"; };
		0AD3DB471C99693F0055213B /* Product+CoreDataProperties.swift */ = {isa = PBXFileReference; fileEncoding = 4; lastKnownFileType = sourcecode.swift; path = "Product+CoreDataProperties.swift"; sourceTree = "<group>"; };
		0AD3DB481C99693F0055213B /* Product.swift */ = {isa = PBXFileReference; fileEncoding = 4; lastKnownFileType = sourcecode.swift; path = Product.swift; sourceTree = "<group>"; };
		0AD3DB491C99693F0055213B /* Store+CoreDataProperties.swift */ = {isa = PBXFileReference; fileEncoding = 4; lastKnownFileType = sourcecode.swift; path = "Store+CoreDataProperties.swift"; sourceTree = "<group>"; };
		0AD3DB4A1C99693F0055213B /* Store.swift */ = {isa = PBXFileReference; fileEncoding = 4; lastKnownFileType = sourcecode.swift; path = Store.swift; sourceTree = "<group>"; };
		2017C2921C9AFBB10047B51D /* PushListViewController.swift */ = {isa = PBXFileReference; fileEncoding = 4; lastKnownFileType = sourcecode.swift; path = PushListViewController.swift; sourceTree = "<group>"; };
		2017C2941C9AFF430047B51D /* PushCell.swift */ = {isa = PBXFileReference; fileEncoding = 4; lastKnownFileType = sourcecode.swift; path = PushCell.swift; sourceTree = "<group>"; };
		203BEF151C9837150090F463 /* SPTextField.swift */ = {isa = PBXFileReference; fileEncoding = 4; lastKnownFileType = sourcecode.swift; path = SPTextField.swift; sourceTree = "<group>"; };
		203BEF171C983A150090F463 /* LoginViewController.swift */ = {isa = PBXFileReference; fileEncoding = 4; lastKnownFileType = sourcecode.swift; path = LoginViewController.swift; sourceTree = "<group>"; };
		203BEF191C9840440090F463 /* SPButton.swift */ = {isa = PBXFileReference; fileEncoding = 4; lastKnownFileType = sourcecode.swift; path = SPButton.swift; sourceTree = "<group>"; };
		203BEF1B1C98489C0090F463 /* SPWhiteCornerView.swift */ = {isa = PBXFileReference; fileEncoding = 4; lastKnownFileType = sourcecode.swift; path = SPWhiteCornerView.swift; sourceTree = "<group>"; };
		203BEF1D1C9848DF0090F463 /* RegisterViewController.swift */ = {isa = PBXFileReference; fileEncoding = 4; lastKnownFileType = sourcecode.swift; path = RegisterViewController.swift; sourceTree = "<group>"; };
		203BEF211C9864CF0090F463 /* ForgotPwdViewController.swift */ = {isa = PBXFileReference; fileEncoding = 4; lastKnownFileType = sourcecode.swift; path = ForgotPwdViewController.swift; sourceTree = "<group>"; };
		20A566561C8F28E700B09B7E /* SPService.swift */ = {isa = PBXFileReference; fileEncoding = 4; lastKnownFileType = sourcecode.swift; path = SPService.swift; sourceTree = "<group>"; };
		20AE329D1C9AD98A00078EE6 /* LeftMenuDetailCell.swift */ = {isa = PBXFileReference; fileEncoding = 4; lastKnownFileType = sourcecode.swift; path = LeftMenuDetailCell.swift; sourceTree = "<group>"; };
		20B988271C9718D100D46ACB /* json.json */ = {isa = PBXFileReference; fileEncoding = 4; lastKnownFileType = text.json; path = json.json; sourceTree = "<group>"; };
		20C2602B1C8DC63E00938F54 /* twshopping.app */ = {isa = PBXFileReference; explicitFileType = wrapper.application; includeInIndex = 0; path = twshopping.app; sourceTree = BUILT_PRODUCTS_DIR; };
		20C2602E1C8DC63E00938F54 /* AppDelegate.swift */ = {isa = PBXFileReference; lastKnownFileType = sourcecode.swift; path = AppDelegate.swift; sourceTree = "<group>"; };
		20C260301C8DC63E00938F54 /* ViewController.swift */ = {isa = PBXFileReference; lastKnownFileType = sourcecode.swift; path = ViewController.swift; sourceTree = "<group>"; };
		20C260331C8DC63E00938F54 /* Base */ = {isa = PBXFileReference; lastKnownFileType = file.storyboard; name = Base; path = Base.lproj/Main.storyboard; sourceTree = "<group>"; };
		20C260361C8DC63E00938F54 /* twshopping.xcdatamodel */ = {isa = PBXFileReference; lastKnownFileType = wrapper.xcdatamodel; path = twshopping.xcdatamodel; sourceTree = "<group>"; };
		20C260381C8DC63E00938F54 /* Assets.xcassets */ = {isa = PBXFileReference; lastKnownFileType = folder.assetcatalog; path = Assets.xcassets; sourceTree = "<group>"; };
		20C2603B1C8DC63E00938F54 /* Base */ = {isa = PBXFileReference; lastKnownFileType = file.storyboard; name = Base; path = Base.lproj/LaunchScreen.storyboard; sourceTree = "<group>"; };
		20C2603D1C8DC63E00938F54 /* Info.plist */ = {isa = PBXFileReference; lastKnownFileType = text.plist.xml; path = Info.plist; sourceTree = "<group>"; };
		20C260421C8DC63E00938F54 /* twshoppingTests.xctest */ = {isa = PBXFileReference; explicitFileType = wrapper.cfbundle; includeInIndex = 0; path = twshoppingTests.xctest; sourceTree = BUILT_PRODUCTS_DIR; };
		20C260461C8DC63E00938F54 /* twshoppingTests.swift */ = {isa = PBXFileReference; lastKnownFileType = sourcecode.swift; path = twshoppingTests.swift; sourceTree = "<group>"; };
		20C260481C8DC63E00938F54 /* Info.plist */ = {isa = PBXFileReference; lastKnownFileType = text.plist.xml; path = Info.plist; sourceTree = "<group>"; };
		20C2604D1C8DC63F00938F54 /* twshoppingUITests.xctest */ = {isa = PBXFileReference; explicitFileType = wrapper.cfbundle; includeInIndex = 0; path = twshoppingUITests.xctest; sourceTree = BUILT_PRODUCTS_DIR; };
		20C260511C8DC63F00938F54 /* twshoppingUITests.swift */ = {isa = PBXFileReference; lastKnownFileType = sourcecode.swift; path = twshoppingUITests.swift; sourceTree = "<group>"; };
		20C260531C8DC63F00938F54 /* Info.plist */ = {isa = PBXFileReference; lastKnownFileType = text.plist.xml; path = Info.plist; sourceTree = "<group>"; };
		20C260611C8DC97500938F54 /* AVOSCloudCrashReporting.framework */ = {isa = PBXFileReference; lastKnownFileType = wrapper.framework; path = AVOSCloudCrashReporting.framework; sourceTree = "<group>"; };
		20C260631C8DC98000938F54 /* AVOSCloud.framework */ = {isa = PBXFileReference; lastKnownFileType = wrapper.framework; path = AVOSCloud.framework; sourceTree = "<group>"; };
		20C2606A1C8DCA1800938F54 /* SystemConfiguration.framework */ = {isa = PBXFileReference; lastKnownFileType = wrapper.framework; name = SystemConfiguration.framework; path = System/Library/Frameworks/SystemConfiguration.framework; sourceTree = SDKROOT; };
		20C2606C1C8DCA1E00938F54 /* MobileCoreServices.framework */ = {isa = PBXFileReference; lastKnownFileType = wrapper.framework; name = MobileCoreServices.framework; path = System/Library/Frameworks/MobileCoreServices.framework; sourceTree = SDKROOT; };
		20C2606E1C8DCA2500938F54 /* CoreTelephony.framework */ = {isa = PBXFileReference; lastKnownFileType = wrapper.framework; name = CoreTelephony.framework; path = System/Library/Frameworks/CoreTelephony.framework; sourceTree = SDKROOT; };
		20C260701C8DCA2B00938F54 /* CoreLocation.framework */ = {isa = PBXFileReference; lastKnownFileType = wrapper.framework; name = CoreLocation.framework; path = System/Library/Frameworks/CoreLocation.framework; sourceTree = SDKROOT; };
		20C260721C8DCB2100938F54 /* libsqlite3.tbd */ = {isa = PBXFileReference; lastKnownFileType = "sourcecode.text-based-dylib-definition"; name = libsqlite3.tbd; path = usr/lib/libsqlite3.tbd; sourceTree = SDKROOT; };
		5251A53FFCE96C520714C319 /* Pods-twshopping.release.xcconfig */ = {isa = PBXFileReference; includeInIndex = 1; lastKnownFileType = text.xcconfig; name = "Pods-twshopping.release.xcconfig"; path = "Pods/Target Support Files/Pods-twshopping/Pods-twshopping.release.xcconfig"; sourceTree = "<group>"; };
		9E0F2B3D5933D479EF39383D /* Pods_twshopping.framework */ = {isa = PBXFileReference; explicitFileType = wrapper.framework; includeInIndex = 0; path = Pods_twshopping.framework; sourceTree = BUILT_PRODUCTS_DIR; };
		F237CBDC66EFFAF057DA22F3 /* Pods-twshopping.debug.xcconfig */ = {isa = PBXFileReference; includeInIndex = 1; lastKnownFileType = text.xcconfig; name = "Pods-twshopping.debug.xcconfig"; path = "Pods/Target Support Files/Pods-twshopping/Pods-twshopping.debug.xcconfig"; sourceTree = "<group>"; };
/* End PBXFileReference section */

/* Begin PBXFrameworksBuildPhase section */
		20C260281C8DC63E00938F54 /* Frameworks */ = {
			isa = PBXFrameworksBuildPhase;
			buildActionMask = 2147483647;
			files = (
				20C260731C8DCB2100938F54 /* libsqlite3.tbd in Frameworks */,
				20C260711C8DCA2B00938F54 /* CoreLocation.framework in Frameworks */,
				20C2606F1C8DCA2500938F54 /* CoreTelephony.framework in Frameworks */,
				20C2606D1C8DCA1E00938F54 /* MobileCoreServices.framework in Frameworks */,
				20C2606B1C8DCA1800938F54 /* SystemConfiguration.framework in Frameworks */,
				20C260671C8DC99100938F54 /* AVOSCloudCrashReporting.framework in Frameworks */,
				20C260641C8DC98000938F54 /* AVOSCloud.framework in Frameworks */,
				B0D1217492232F80663CE217 /* Pods_twshopping.framework in Frameworks */,
			);
			runOnlyForDeploymentPostprocessing = 0;
		};
		20C2603F1C8DC63E00938F54 /* Frameworks */ = {
			isa = PBXFrameworksBuildPhase;
			buildActionMask = 2147483647;
			files = (
			);
			runOnlyForDeploymentPostprocessing = 0;
		};
		20C2604A1C8DC63F00938F54 /* Frameworks */ = {
			isa = PBXFrameworksBuildPhase;
			buildActionMask = 2147483647;
			files = (
			);
			runOnlyForDeploymentPostprocessing = 0;
		};
/* End PBXFrameworksBuildPhase section */

/* Begin PBXGroup section */
		0A17ACDE1C9A637D00B7C268 /* Info */ = {
			isa = PBXGroup;
			children = (
				0A17ACDF1C9A639700B7C268 /* InfoViewController.swift */,
				0A8F68681C97E4B500F1EFF3 /* LoadingViewController.swift */,
			);
			name = Info;
			sourceTree = "<group>";
		};
		0A17ACEB1C9A903400B7C268 /* Product */ = {
			isa = PBXGroup;
			children = (
				0A17ACEC1C9A905800B7C268 /* ProductListViewController.swift */,
				0A17ACF01C9A985200B7C268 /* ProductCell.swift */,
			);
			name = Product;
			sourceTree = "<group>";
		};
		0A38EC3C1C9941610001117A /* Models */ = {
			isa = PBXGroup;
			children = (
				0AD3DB3E1C99690E0055213B /* Entity */,
				20B988271C9718D100D46ACB /* json.json */,
				20C260351C8DC63E00938F54 /* twshopping.xcdatamodeld */,
				0A38EC551C9941E50001117A /* SPDataManager.swift */,
			);
			name = Models;
			sourceTree = "<group>";
		};
		0A8F68631C97C87D00F1EFF3 /* MyClasses */ = {
			isa = PBXGroup;
			children = (
				0A8F686B1C97E95A00F1EFF3 /* CustomTools */,
				0A8F68611C97C86C00F1EFF3 /* SPNavigationController.swift */,
				0A8F68641C97C89400F1EFF3 /* SPViewController.swift */,
				203BEF151C9837150090F463 /* SPTextField.swift */,
				203BEF191C9840440090F463 /* SPButton.swift */,
				203BEF1B1C98489C0090F463 /* SPWhiteCornerView.swift */,
				0A7DEB251C990ABF00D82329 /* SPWhiteTextLabel.swift */,
				0A38EC3A1C9913CC0001117A /* SPBlackView.swift */,
				0A17ACDA1C9A608B00B7C268 /* SPSingleColorViewController.swift */,
				0A17ACDC1C9A60A400B7C268 /* SPSingleImageViewController.swift */,
				0A17ACE11C9A7BFD00B7C268 /* SPTextView.swift */,
				0A17ACEE1C9A93F800B7C268 /* SPImageView.swift */,
			);
			name = MyClasses;
			sourceTree = "<group>";
		};
		0A8F686A1C97E4E500F1EFF3 /* Storyboard */ = {
			isa = PBXGroup;
			children = (
				20C260321C8DC63E00938F54 /* Main.storyboard */,
				20C2603A1C8DC63E00938F54 /* LaunchScreen.storyboard */,
				0A7DEB151C98F59B00D82329 /* Tools.storyboard */,
				0A7DEB181C98F5AA00D82329 /* LoginPages.storyboard */,
			);
			name = Storyboard;
			sourceTree = "<group>";
		};
		0A8F686B1C97E95A00F1EFF3 /* CustomTools */ = {
			isa = PBXGroup;
			children = (
				20A566561C8F28E700B09B7E /* SPService.swift */,
				0A8F686C1C97E97D00F1EFF3 /* SPTools.swift */,
			);
			name = CustomTools;
			sourceTree = "<group>";
		};
		0A8F68721C980F6E00F1EFF3 /* ViewControllers */ = {
			isa = PBXGroup;
			children = (
				2017C2911C9AFB750047B51D /* Push */,
				2017C2901C9AFB580047B51D /* Menu */,
				0A17ACEB1C9A903400B7C268 /* Product */,
				0A17ACDE1C9A637D00B7C268 /* Info */,
				0A8F68631C97C87D00F1EFF3 /* MyClasses */,
				203BEF231C9865AE0090F463 /* LoginPages */,
				0A8F68731C980F8F00F1EFF3 /* LaunchViewController.swift */,
			);
			name = ViewControllers;
			sourceTree = "<group>";
		};
		0AD3DB3E1C99690E0055213B /* Entity */ = {
			isa = PBXGroup;
			children = (
				0AD3DB431C99693F0055213B /* Cate+CoreDataProperties.swift */,
				0AD3DB441C99693F0055213B /* Cate.swift */,
				0AD3DB451C99693F0055213B /* Profile+CoreDataProperties.swift */,
				0AD3DB461C99693F0055213B /* Profile.swift */,
				0AD3DB471C99693F0055213B /* Product+CoreDataProperties.swift */,
				0AD3DB481C99693F0055213B /* Product.swift */,
				0AD3DB491C99693F0055213B /* Store+CoreDataProperties.swift */,
				0AD3DB4A1C99693F0055213B /* Store.swift */,
				0A17ACE31C9A85E000B7C268 /* Language+CoreDataProperties.swift */,
				0A17ACE41C9A85E000B7C268 /* Language.swift */,
				0A17ACE51C9A85E000B7C268 /* Version+CoreDataProperties.swift */,
				0A17ACE61C9A85E000B7C268 /* Version.swift */,
			);
			name = Entity;
			sourceTree = "<group>";
		};
		2017C2901C9AFB580047B51D /* Menu */ = {
			isa = PBXGroup;
			children = (
				0A8F68701C98065E00F1EFF3 /* LeftMenuViewController.swift */,
				0A7DEB231C99074D00D82329 /* LeftMenuCell.swift */,
				20AE329D1C9AD98A00078EE6 /* LeftMenuDetailCell.swift */,
			);
			name = Menu;
			sourceTree = "<group>";
		};
		2017C2911C9AFB750047B51D /* Push */ = {
			isa = PBXGroup;
			children = (
				2017C2921C9AFBB10047B51D /* PushListViewController.swift */,
				2017C2941C9AFF430047B51D /* PushCell.swift */,
			);
			name = Push;
			sourceTree = "<group>";
		};
		203BEF231C9865AE0090F463 /* LoginPages */ = {
			isa = PBXGroup;
			children = (
				203BEF171C983A150090F463 /* LoginViewController.swift */,
				203BEF1D1C9848DF0090F463 /* RegisterViewController.swift */,
				203BEF211C9864CF0090F463 /* ForgotPwdViewController.swift */,
			);
			name = LoginPages;
			sourceTree = "<group>";
		};
		20C260221C8DC63E00938F54 = {
			isa = PBXGroup;
			children = (
				20C2602D1C8DC63E00938F54 /* twshopping */,
				20C260451C8DC63E00938F54 /* twshoppingTests */,
				20C260501C8DC63F00938F54 /* twshoppingUITests */,
				20C2602C1C8DC63E00938F54 /* Products */,
				3D849CE02873D5E22D19326B /* Pods */,
				FE00F7A43F77BC319A03F5FF /* Frameworks */,
			);
			sourceTree = "<group>";
		};
		20C2602C1C8DC63E00938F54 /* Products */ = {
			isa = PBXGroup;
			children = (
				20C2602B1C8DC63E00938F54 /* twshopping.app */,
				20C260421C8DC63E00938F54 /* twshoppingTests.xctest */,
				20C2604D1C8DC63F00938F54 /* twshoppingUITests.xctest */,
			);
			name = Products;
			sourceTree = "<group>";
		};
		20C2602D1C8DC63E00938F54 /* twshopping */ = {
			isa = PBXGroup;
			children = (
				0A38EC3C1C9941610001117A /* Models */,
				0A8F68721C980F6E00F1EFF3 /* ViewControllers */,
				0A8F686A1C97E4E500F1EFF3 /* Storyboard */,
				20C2602E1C8DC63E00938F54 /* AppDelegate.swift */,
				20C260301C8DC63E00938F54 /* ViewController.swift */,
				20C260381C8DC63E00938F54 /* Assets.xcassets */,
				20C2603D1C8DC63E00938F54 /* Info.plist */,
			);
			path = twshopping;
			sourceTree = "<group>";
		};
		20C260451C8DC63E00938F54 /* twshoppingTests */ = {
			isa = PBXGroup;
			children = (
				20C260461C8DC63E00938F54 /* twshoppingTests.swift */,
				20C260481C8DC63E00938F54 /* Info.plist */,
			);
			path = twshoppingTests;
			sourceTree = "<group>";
		};
		20C260501C8DC63F00938F54 /* twshoppingUITests */ = {
			isa = PBXGroup;
			children = (
				20C260511C8DC63F00938F54 /* twshoppingUITests.swift */,
				20C260531C8DC63F00938F54 /* Info.plist */,
			);
			path = twshoppingUITests;
			sourceTree = "<group>";
		};
		20C260601C8DC96100938F54 /* AVOSCloud */ = {
			isa = PBXGroup;
			children = (
				20C260631C8DC98000938F54 /* AVOSCloud.framework */,
				20C260611C8DC97500938F54 /* AVOSCloudCrashReporting.framework */,
			);
			name = AVOSCloud;
			path = twshopping;
			sourceTree = "<group>";
		};
		3D849CE02873D5E22D19326B /* Pods */ = {
			isa = PBXGroup;
			children = (
				F237CBDC66EFFAF057DA22F3 /* Pods-twshopping.debug.xcconfig */,
				5251A53FFCE96C520714C319 /* Pods-twshopping.release.xcconfig */,
			);
			name = Pods;
			sourceTree = "<group>";
		};
		FE00F7A43F77BC319A03F5FF /* Frameworks */ = {
			isa = PBXGroup;
			children = (
				20C260721C8DCB2100938F54 /* libsqlite3.tbd */,
				20C260701C8DCA2B00938F54 /* CoreLocation.framework */,
				20C2606E1C8DCA2500938F54 /* CoreTelephony.framework */,
				20C2606C1C8DCA1E00938F54 /* MobileCoreServices.framework */,
				20C2606A1C8DCA1800938F54 /* SystemConfiguration.framework */,
				20C260601C8DC96100938F54 /* AVOSCloud */,
				9E0F2B3D5933D479EF39383D /* Pods_twshopping.framework */,
			);
			name = Frameworks;
			sourceTree = "<group>";
		};
/* End PBXGroup section */

/* Begin PBXNativeTarget section */
		20C2602A1C8DC63E00938F54 /* twshopping */ = {
			isa = PBXNativeTarget;
			buildConfigurationList = 20C260561C8DC63F00938F54 /* Build configuration list for PBXNativeTarget "twshopping" */;
			buildPhases = (
				C5AFB94B6FAF4962D196E1B2 /* Check Pods Manifest.lock */,
				20C260271C8DC63E00938F54 /* Sources */,
				20C260281C8DC63E00938F54 /* Frameworks */,
				20C260291C8DC63E00938F54 /* Resources */,
				EFB2AC5151FA4FA8B5906475 /* Embed Pods Frameworks */,
				AA40BF188DCAEEFCD6496562 /* Copy Pods Resources */,
			);
			buildRules = (
			);
			dependencies = (
			);
			name = twshopping;
			productName = twshopping;
			productReference = 20C2602B1C8DC63E00938F54 /* twshopping.app */;
			productType = "com.apple.product-type.application";
		};
		20C260411C8DC63E00938F54 /* twshoppingTests */ = {
			isa = PBXNativeTarget;
			buildConfigurationList = 20C260591C8DC63F00938F54 /* Build configuration list for PBXNativeTarget "twshoppingTests" */;
			buildPhases = (
				20C2603E1C8DC63E00938F54 /* Sources */,
				20C2603F1C8DC63E00938F54 /* Frameworks */,
				20C260401C8DC63E00938F54 /* Resources */,
			);
			buildRules = (
			);
			dependencies = (
				20C260441C8DC63E00938F54 /* PBXTargetDependency */,
			);
			name = twshoppingTests;
			productName = twshoppingTests;
			productReference = 20C260421C8DC63E00938F54 /* twshoppingTests.xctest */;
			productType = "com.apple.product-type.bundle.unit-test";
		};
		20C2604C1C8DC63F00938F54 /* twshoppingUITests */ = {
			isa = PBXNativeTarget;
			buildConfigurationList = 20C2605C1C8DC63F00938F54 /* Build configuration list for PBXNativeTarget "twshoppingUITests" */;
			buildPhases = (
				20C260491C8DC63F00938F54 /* Sources */,
				20C2604A1C8DC63F00938F54 /* Frameworks */,
				20C2604B1C8DC63F00938F54 /* Resources */,
			);
			buildRules = (
			);
			dependencies = (
				20C2604F1C8DC63F00938F54 /* PBXTargetDependency */,
			);
			name = twshoppingUITests;
			productName = twshoppingUITests;
			productReference = 20C2604D1C8DC63F00938F54 /* twshoppingUITests.xctest */;
			productType = "com.apple.product-type.bundle.ui-testing";
		};
/* End PBXNativeTarget section */

/* Begin PBXProject section */
		20C260231C8DC63E00938F54 /* Project object */ = {
			isa = PBXProject;
			attributes = {
				LastSwiftUpdateCheck = 0720;
				LastUpgradeCheck = 0720;
				ORGANIZATIONNAME = KevinLiou;
				TargetAttributes = {
					20C2602A1C8DC63E00938F54 = {
						CreatedOnToolsVersion = 7.2;
						DevelopmentTeam = JZ8X2WGGDK;
						SystemCapabilities = {
							com.apple.Push = {
								enabled = 1;
							};
						};
					};
					20C260411C8DC63E00938F54 = {
						CreatedOnToolsVersion = 7.2;
						TestTargetID = 20C2602A1C8DC63E00938F54;
					};
					20C2604C1C8DC63F00938F54 = {
						CreatedOnToolsVersion = 7.2;
						TestTargetID = 20C2602A1C8DC63E00938F54;
					};
				};
			};
			buildConfigurationList = 20C260261C8DC63E00938F54 /* Build configuration list for PBXProject "twshopping" */;
			compatibilityVersion = "Xcode 3.2";
			developmentRegion = English;
			hasScannedForEncodings = 0;
			knownRegions = (
				en,
				Base,
			);
			mainGroup = 20C260221C8DC63E00938F54;
			productRefGroup = 20C2602C1C8DC63E00938F54 /* Products */;
			projectDirPath = "";
			projectRoot = "";
			targets = (
				20C2602A1C8DC63E00938F54 /* twshopping */,
				20C260411C8DC63E00938F54 /* twshoppingTests */,
				20C2604C1C8DC63F00938F54 /* twshoppingUITests */,
			);
		};
/* End PBXProject section */

/* Begin PBXResourcesBuildPhase section */
		20C260291C8DC63E00938F54 /* Resources */ = {
			isa = PBXResourcesBuildPhase;
			buildActionMask = 2147483647;
			files = (
				20C2603C1C8DC63E00938F54 /* LaunchScreen.storyboard in Resources */,
				20C260391C8DC63E00938F54 /* Assets.xcassets in Resources */,
				20C260341C8DC63E00938F54 /* Main.storyboard in Resources */,
				0A7DEB131C98F59B00D82329 /* Tools.storyboard in Resources */,
				20B988281C9718D100D46ACB /* json.json in Resources */,
				0A7DEB161C98F5AA00D82329 /* LoginPages.storyboard in Resources */,
			);
			runOnlyForDeploymentPostprocessing = 0;
		};
		20C260401C8DC63E00938F54 /* Resources */ = {
			isa = PBXResourcesBuildPhase;
			buildActionMask = 2147483647;
			files = (
			);
			runOnlyForDeploymentPostprocessing = 0;
		};
		20C2604B1C8DC63F00938F54 /* Resources */ = {
			isa = PBXResourcesBuildPhase;
			buildActionMask = 2147483647;
			files = (
			);
			runOnlyForDeploymentPostprocessing = 0;
		};
/* End PBXResourcesBuildPhase section */

/* Begin PBXShellScriptBuildPhase section */
		AA40BF188DCAEEFCD6496562 /* Copy Pods Resources */ = {
			isa = PBXShellScriptBuildPhase;
			buildActionMask = 2147483647;
			files = (
			);
			inputPaths = (
			);
			name = "Copy Pods Resources";
			outputPaths = (
			);
			runOnlyForDeploymentPostprocessing = 0;
			shellPath = /bin/sh;
			shellScript = "\"${SRCROOT}/Pods/Target Support Files/Pods-twshopping/Pods-twshopping-resources.sh\"\n";
			showEnvVarsInLog = 0;
		};
		C5AFB94B6FAF4962D196E1B2 /* Check Pods Manifest.lock */ = {
			isa = PBXShellScriptBuildPhase;
			buildActionMask = 2147483647;
			files = (
			);
			inputPaths = (
			);
			name = "Check Pods Manifest.lock";
			outputPaths = (
			);
			runOnlyForDeploymentPostprocessing = 0;
			shellPath = /bin/sh;
			shellScript = "diff \"${PODS_ROOT}/../Podfile.lock\" \"${PODS_ROOT}/Manifest.lock\" > /dev/null\nif [[ $? != 0 ]] ; then\n    cat << EOM\nerror: The sandbox is not in sync with the Podfile.lock. Run 'pod install' or update your CocoaPods installation.\nEOM\n    exit 1\nfi\n";
			showEnvVarsInLog = 0;
		};
		EFB2AC5151FA4FA8B5906475 /* Embed Pods Frameworks */ = {
			isa = PBXShellScriptBuildPhase;
			buildActionMask = 2147483647;
			files = (
			);
			inputPaths = (
			);
			name = "Embed Pods Frameworks";
			outputPaths = (
			);
			runOnlyForDeploymentPostprocessing = 0;
			shellPath = /bin/sh;
			shellScript = "\"${SRCROOT}/Pods/Target Support Files/Pods-twshopping/Pods-twshopping-frameworks.sh\"\n";
			showEnvVarsInLog = 0;
		};
/* End PBXShellScriptBuildPhase section */

/* Begin PBXSourcesBuildPhase section */
		20C260271C8DC63E00938F54 /* Sources */ = {
			isa = PBXSourcesBuildPhase;
			buildActionMask = 2147483647;
			files = (
				203BEF181C983A150090F463 /* LoginViewController.swift in Sources */,
				0A8F68691C97E4B500F1EFF3 /* LoadingViewController.swift in Sources */,
				0A8F68741C980F8F00F1EFF3 /* LaunchViewController.swift in Sources */,
				203BEF221C9864CF0090F463 /* ForgotPwdViewController.swift in Sources */,
				0A38EC561C9941E50001117A /* SPDataManager.swift in Sources */,
				203BEF161C9837150090F463 /* SPTextField.swift in Sources */,
				0A17ACE21C9A7BFD00B7C268 /* SPTextView.swift in Sources */,
				20C260311C8DC63E00938F54 /* ViewController.swift in Sources */,
				0AD3DB511C99693F0055213B /* Profile+CoreDataProperties.swift in Sources */,
				0A7DEB261C990AC000D82329 /* SPWhiteTextLabel.swift in Sources */,
				0A17ACEA1C9A85E000B7C268 /* Version.swift in Sources */,
				0A17ACDB1C9A608B00B7C268 /* SPSingleColorViewController.swift in Sources */,
				203BEF1A1C9840440090F463 /* SPButton.swift in Sources */,
				0AD3DB501C99693F0055213B /* Cate.swift in Sources */,
				203BEF1E1C9848DF0090F463 /* RegisterViewController.swift in Sources */,
				20C2602F1C8DC63E00938F54 /* AppDelegate.swift in Sources */,
				20A566571C8F28E700B09B7E /* SPService.swift in Sources */,
				0A17ACEF1C9A93F800B7C268 /* SPImageView.swift in Sources */,
				0A7DEB241C99074D00D82329 /* LeftMenuCell.swift in Sources */,
				0A8F686D1C97E97D00F1EFF3 /* SPTools.swift in Sources */,
				0A17ACDD1C9A60A400B7C268 /* SPSingleImageViewController.swift in Sources */,
				2017C2931C9AFBB10047B51D /* PushListViewController.swift in Sources */,
				0AD3DB541C99693F0055213B /* Product.swift in Sources */,
				0A17ACE91C9A85E000B7C268 /* Version+CoreDataProperties.swift in Sources */,
				0AD3DB521C99693F0055213B /* Profile.swift in Sources */,
				0A17ACE71C9A85E000B7C268 /* Language+CoreDataProperties.swift in Sources */,
				0AD3DB561C99693F0055213B /* Store.swift in Sources */,
				0A17ACE01C9A639700B7C268 /* InfoViewController.swift in Sources */,
				0A8F68711C98065E00F1EFF3 /* LeftMenuViewController.swift in Sources */,
				0A17ACE81C9A85E000B7C268 /* Language.swift in Sources */,
				0A8F68621C97C86C00F1EFF3 /* SPNavigationController.swift in Sources */,
				0A17ACF11C9A985200B7C268 /* ProductCell.swift in Sources */,
				0AD3DB4F1C99693F0055213B /* Cate+CoreDataProperties.swift in Sources */,
				0AD3DB551C99693F0055213B /* Store+CoreDataProperties.swift in Sources */,
				0AD3DB531C99693F0055213B /* Product+CoreDataProperties.swift in Sources */,
				20C260371C8DC63E00938F54 /* twshopping.xcdatamodeld in Sources */,
				203BEF1C1C98489C0090F463 /* SPWhiteCornerView.swift in Sources */,
				0A17ACED1C9A905800B7C268 /* ProductListViewController.swift in Sources */,
				0A38EC3B1C9913CC0001117A /* SPBlackView.swift in Sources */,
				2017C2951C9AFF430047B51D /* PushCell.swift in Sources */,
				20AE329E1C9AD98A00078EE6 /* LeftMenuDetailCell.swift in Sources */,
				0A8F68651C97C89400F1EFF3 /* SPViewController.swift in Sources */,
			);
			runOnlyForDeploymentPostprocessing = 0;
		};
		20C2603E1C8DC63E00938F54 /* Sources */ = {
			isa = PBXSourcesBuildPhase;
			buildActionMask = 2147483647;
			files = (
				20C260471C8DC63E00938F54 /* twshoppingTests.swift in Sources */,
			);
			runOnlyForDeploymentPostprocessing = 0;
		};
		20C260491C8DC63F00938F54 /* Sources */ = {
			isa = PBXSourcesBuildPhase;
			buildActionMask = 2147483647;
			files = (
				20C260521C8DC63F00938F54 /* twshoppingUITests.swift in Sources */,
			);
			runOnlyForDeploymentPostprocessing = 0;
		};
/* End PBXSourcesBuildPhase section */

/* Begin PBXTargetDependency section */
		20C260441C8DC63E00938F54 /* PBXTargetDependency */ = {
			isa = PBXTargetDependency;
			target = 20C2602A1C8DC63E00938F54 /* twshopping */;
			targetProxy = 20C260431C8DC63E00938F54 /* PBXContainerItemProxy */;
		};
		20C2604F1C8DC63F00938F54 /* PBXTargetDependency */ = {
			isa = PBXTargetDependency;
			target = 20C2602A1C8DC63E00938F54 /* twshopping */;
			targetProxy = 20C2604E1C8DC63F00938F54 /* PBXContainerItemProxy */;
		};
/* End PBXTargetDependency section */

/* Begin PBXVariantGroup section */
		0A7DEB151C98F59B00D82329 /* Tools.storyboard */ = {
			isa = PBXVariantGroup;
			children = (
				0A7DEB141C98F59B00D82329 /* Base */,
			);
			name = Tools.storyboard;
			sourceTree = "<group>";
		};
		0A7DEB181C98F5AA00D82329 /* LoginPages.storyboard */ = {
			isa = PBXVariantGroup;
			children = (
				0A7DEB171C98F5AA00D82329 /* Base */,
			);
			name = LoginPages.storyboard;
			sourceTree = "<group>";
		};
		20C260321C8DC63E00938F54 /* Main.storyboard */ = {
			isa = PBXVariantGroup;
			children = (
				20C260331C8DC63E00938F54 /* Base */,
			);
			name = Main.storyboard;
			sourceTree = "<group>";
		};
		20C2603A1C8DC63E00938F54 /* LaunchScreen.storyboard */ = {
			isa = PBXVariantGroup;
			children = (
				20C2603B1C8DC63E00938F54 /* Base */,
			);
			name = LaunchScreen.storyboard;
			sourceTree = "<group>";
		};
/* End PBXVariantGroup section */

/* Begin XCBuildConfiguration section */
		20C260541C8DC63F00938F54 /* Debug */ = {
			isa = XCBuildConfiguration;
			buildSettings = {
				ALWAYS_SEARCH_USER_PATHS = NO;
				CLANG_CXX_LANGUAGE_STANDARD = "gnu++0x";
				CLANG_CXX_LIBRARY = "libc++";
				CLANG_ENABLE_MODULES = YES;
				CLANG_ENABLE_OBJC_ARC = YES;
				CLANG_WARN_BOOL_CONVERSION = YES;
				CLANG_WARN_CONSTANT_CONVERSION = YES;
				CLANG_WARN_DIRECT_OBJC_ISA_USAGE = YES_ERROR;
				CLANG_WARN_EMPTY_BODY = YES;
				CLANG_WARN_ENUM_CONVERSION = YES;
				CLANG_WARN_INT_CONVERSION = YES;
				CLANG_WARN_OBJC_ROOT_CLASS = YES_ERROR;
				CLANG_WARN_UNREACHABLE_CODE = YES;
				CLANG_WARN__DUPLICATE_METHOD_MATCH = YES;
				CODE_SIGN_IDENTITY = "iPhone Developer: ZihHao Liou (3GP5ZCM4CX)";
				"CODE_SIGN_IDENTITY[sdk=iphoneos*]" = "iPhone Developer: ZihHao Liou (3GP5ZCM4CX)";
				COPY_PHASE_STRIP = NO;
				DEBUG_INFORMATION_FORMAT = dwarf;
				ENABLE_STRICT_OBJC_MSGSEND = YES;
				ENABLE_TESTABILITY = YES;
				GCC_C_LANGUAGE_STANDARD = gnu99;
				GCC_DYNAMIC_NO_PIC = NO;
				GCC_NO_COMMON_BLOCKS = YES;
				GCC_OPTIMIZATION_LEVEL = 0;
				GCC_PREPROCESSOR_DEFINITIONS = (
					"DEBUG=1",
					"$(inherited)",
				);
				GCC_WARN_64_TO_32_BIT_CONVERSION = YES;
				GCC_WARN_ABOUT_RETURN_TYPE = YES_ERROR;
				GCC_WARN_UNDECLARED_SELECTOR = YES;
				GCC_WARN_UNINITIALIZED_AUTOS = YES_AGGRESSIVE;
				GCC_WARN_UNUSED_FUNCTION = YES;
				GCC_WARN_UNUSED_VARIABLE = YES;
				IPHONEOS_DEPLOYMENT_TARGET = 9.2;
				MTL_ENABLE_DEBUG_INFO = YES;
				ONLY_ACTIVE_ARCH = YES;
				PROVISIONING_PROFILE = "7dd57c9b-c1df-44e9-88d4-94f0696b52ce";
				SDKROOT = iphoneos;
				SWIFT_OPTIMIZATION_LEVEL = "-Onone";
			};
			name = Debug;
		};
		20C260551C8DC63F00938F54 /* Release */ = {
			isa = XCBuildConfiguration;
			buildSettings = {
				ALWAYS_SEARCH_USER_PATHS = NO;
				CLANG_CXX_LANGUAGE_STANDARD = "gnu++0x";
				CLANG_CXX_LIBRARY = "libc++";
				CLANG_ENABLE_MODULES = YES;
				CLANG_ENABLE_OBJC_ARC = YES;
				CLANG_WARN_BOOL_CONVERSION = YES;
				CLANG_WARN_CONSTANT_CONVERSION = YES;
				CLANG_WARN_DIRECT_OBJC_ISA_USAGE = YES_ERROR;
				CLANG_WARN_EMPTY_BODY = YES;
				CLANG_WARN_ENUM_CONVERSION = YES;
				CLANG_WARN_INT_CONVERSION = YES;
				CLANG_WARN_OBJC_ROOT_CLASS = YES_ERROR;
				CLANG_WARN_UNREACHABLE_CODE = YES;
				CLANG_WARN__DUPLICATE_METHOD_MATCH = YES;
				"CODE_SIGN_IDENTITY[sdk=iphoneos*]" = "iPhone Developer";
				COPY_PHASE_STRIP = NO;
				DEBUG_INFORMATION_FORMAT = "dwarf-with-dsym";
				ENABLE_NS_ASSERTIONS = NO;
				ENABLE_STRICT_OBJC_MSGSEND = YES;
				GCC_C_LANGUAGE_STANDARD = gnu99;
				GCC_NO_COMMON_BLOCKS = YES;
				GCC_WARN_64_TO_32_BIT_CONVERSION = YES;
				GCC_WARN_ABOUT_RETURN_TYPE = YES_ERROR;
				GCC_WARN_UNDECLARED_SELECTOR = YES;
				GCC_WARN_UNINITIALIZED_AUTOS = YES_AGGRESSIVE;
				GCC_WARN_UNUSED_FUNCTION = YES;
				GCC_WARN_UNUSED_VARIABLE = YES;
				IPHONEOS_DEPLOYMENT_TARGET = 9.2;
				MTL_ENABLE_DEBUG_INFO = NO;
				PROVISIONING_PROFILE = "7dd57c9b-c1df-44e9-88d4-94f0696b52ce";
				SDKROOT = iphoneos;
				VALIDATE_PRODUCT = YES;
			};
			name = Release;
		};
		20C260571C8DC63F00938F54 /* Debug */ = {
			isa = XCBuildConfiguration;
			baseConfigurationReference = F237CBDC66EFFAF057DA22F3 /* Pods-twshopping.debug.xcconfig */;
			buildSettings = {
				ASSETCATALOG_COMPILER_APPICON_NAME = AppIcon;
				CODE_SIGN_IDENTITY = "iPhone Developer";
				"CODE_SIGN_IDENTITY[sdk=iphoneos*]" = "iPhone Developer: ZihHao Liou (3GP5ZCM4CX)";
				FRAMEWORK_SEARCH_PATHS = (
					"$(inherited)",
					"$(PROJECT_DIR)/twshopping",
				);
				INFOPLIST_FILE = twshopping/Info.plist;
				IPHONEOS_DEPLOYMENT_TARGET = 8.0;
				LD_RUNPATH_SEARCH_PATHS = "$(inherited) @executable_path/Frameworks";
				OTHER_LDFLAGS = (
					"-lc++",
					"-ObjC",
					"-licucore",
					"-lz",
					"$(inherited)",
				);
				PRODUCT_BUNDLE_IDENTIFIER = tw.com.tnot.twshopping;
				PRODUCT_NAME = "$(TARGET_NAME)";
				PROVISIONING_PROFILE = "3e5e9b81-2292-49f5-bcaf-21e658883fce";
			};
			name = Debug;
		};
		20C260581C8DC63F00938F54 /* Release */ = {
			isa = XCBuildConfiguration;
			baseConfigurationReference = 5251A53FFCE96C520714C319 /* Pods-twshopping.release.xcconfig */;
			buildSettings = {
				ASSETCATALOG_COMPILER_APPICON_NAME = AppIcon;
				CODE_SIGN_IDENTITY = "iPhone Developer";
				FRAMEWORK_SEARCH_PATHS = (
					"$(inherited)",
					"$(PROJECT_DIR)/twshopping",
				);
				INFOPLIST_FILE = twshopping/Info.plist;
				IPHONEOS_DEPLOYMENT_TARGET = 8.0;
				LD_RUNPATH_SEARCH_PATHS = "$(inherited) @executable_path/Frameworks";
				OTHER_LDFLAGS = (
					"-lc++",
					"-ObjC",
					"-licucore",
					"-lz",
					"$(inherited)",
				);
				PRODUCT_BUNDLE_IDENTIFIER = tw.com.tnot.twshopping;
				PRODUCT_NAME = "$(TARGET_NAME)";
				PROVISIONING_PROFILE = "3e5e9b81-2292-49f5-bcaf-21e658883fce";
			};
			name = Release;
		};
		20C2605A1C8DC63F00938F54 /* Debug */ = {
			isa = XCBuildConfiguration;
			buildSettings = {
				BUNDLE_LOADER = "$(TEST_HOST)";
				INFOPLIST_FILE = twshoppingTests/Info.plist;
				LD_RUNPATH_SEARCH_PATHS = "$(inherited) @executable_path/Frameworks @loader_path/Frameworks";
				PRODUCT_BUNDLE_IDENTIFIER = tw.com.tnot.twshoppingTests;
				PRODUCT_NAME = "$(TARGET_NAME)";
				TEST_HOST = "$(BUILT_PRODUCTS_DIR)/twshopping.app/twshopping";
			};
			name = Debug;
		};
		20C2605B1C8DC63F00938F54 /* Release */ = {
			isa = XCBuildConfiguration;
			buildSettings = {
				BUNDLE_LOADER = "$(TEST_HOST)";
				INFOPLIST_FILE = twshoppingTests/Info.plist;
				LD_RUNPATH_SEARCH_PATHS = "$(inherited) @executable_path/Frameworks @loader_path/Frameworks";
				PRODUCT_BUNDLE_IDENTIFIER = tw.com.tnot.twshoppingTests;
				PRODUCT_NAME = "$(TARGET_NAME)";
				TEST_HOST = "$(BUILT_PRODUCTS_DIR)/twshopping.app/twshopping";
			};
			name = Release;
		};
		20C2605D1C8DC63F00938F54 /* Debug */ = {
			isa = XCBuildConfiguration;
			buildSettings = {
				INFOPLIST_FILE = twshoppingUITests/Info.plist;
				LD_RUNPATH_SEARCH_PATHS = "$(inherited) @executable_path/Frameworks @loader_path/Frameworks";
				PRODUCT_BUNDLE_IDENTIFIER = tw.com.tnot.twshoppingUITests;
				PRODUCT_NAME = "$(TARGET_NAME)";
				TEST_TARGET_NAME = twshopping;
				USES_XCTRUNNER = YES;
			};
			name = Debug;
		};
		20C2605E1C8DC63F00938F54 /* Release */ = {
			isa = XCBuildConfiguration;
			buildSettings = {
				INFOPLIST_FILE = twshoppingUITests/Info.plist;
				LD_RUNPATH_SEARCH_PATHS = "$(inherited) @executable_path/Frameworks @loader_path/Frameworks";
				PRODUCT_BUNDLE_IDENTIFIER = tw.com.tnot.twshoppingUITests;
				PRODUCT_NAME = "$(TARGET_NAME)";
				TEST_TARGET_NAME = twshopping;
				USES_XCTRUNNER = YES;
			};
			name = Release;
		};
/* End XCBuildConfiguration section */

/* Begin XCConfigurationList section */
		20C260261C8DC63E00938F54 /* Build configuration list for PBXProject "twshopping" */ = {
			isa = XCConfigurationList;
			buildConfigurations = (
				20C260541C8DC63F00938F54 /* Debug */,
				20C260551C8DC63F00938F54 /* Release */,
			);
			defaultConfigurationIsVisible = 0;
			defaultConfigurationName = Release;
		};
		20C260561C8DC63F00938F54 /* Build configuration list for PBXNativeTarget "twshopping" */ = {
			isa = XCConfigurationList;
			buildConfigurations = (
				20C260571C8DC63F00938F54 /* Debug */,
				20C260581C8DC63F00938F54 /* Release */,
			);
			defaultConfigurationIsVisible = 0;
			defaultConfigurationName = Release;
		};
		20C260591C8DC63F00938F54 /* Build configuration list for PBXNativeTarget "twshoppingTests" */ = {
			isa = XCConfigurationList;
			buildConfigurations = (
				20C2605A1C8DC63F00938F54 /* Debug */,
				20C2605B1C8DC63F00938F54 /* Release */,
			);
			defaultConfigurationIsVisible = 0;
			defaultConfigurationName = Release;
		};
		20C2605C1C8DC63F00938F54 /* Build configuration list for PBXNativeTarget "twshoppingUITests" */ = {
			isa = XCConfigurationList;
			buildConfigurations = (
				20C2605D1C8DC63F00938F54 /* Debug */,
				20C2605E1C8DC63F00938F54 /* Release */,
			);
			defaultConfigurationIsVisible = 0;
			defaultConfigurationName = Release;
		};
/* End XCConfigurationList section */

/* Begin XCVersionGroup section */
		20C260351C8DC63E00938F54 /* twshopping.xcdatamodeld */ = {
			isa = XCVersionGroup;
			children = (
				20C260361C8DC63E00938F54 /* twshopping.xcdatamodel */,
			);
			currentVersion = 20C260361C8DC63E00938F54 /* twshopping.xcdatamodel */;
			path = twshopping.xcdatamodeld;
			sourceTree = "<group>";
			versionGroupType = wrapper.xcdatamodel;
		};
/* End XCVersionGroup section */
	};
	rootObject = 20C260231C8DC63E00938F54 /* Project object */;
}
